github.com/maloquacious/semver v0.4.0 h1:TfCwmQ2J56BsWK9a1zoG3RcIiokYPe1J71hu3KcZhUI=
github.com/maloquacious/semver v0.4.0/go.mod h1:0VQ90ipG1SLXCDcQo1bgYTBIpvXsEiNOnEF5Bs/HRYY=
github.com/maloquacious/wxx v0.42.0 h1:+9SPa9b5AN8s06PqPaow0wK23THTxVHqdS5Odo6UamI=
github.com/maloquacious/wxx v0.42.0/go.mod h1:sq69HHRhtRptww4HiZMK3xBF1kmq+pqhE4us7nak/Rw=
github.com/pelletier/go-toml/v2 v2.0.9 h1:uH2qQXheeefCCkuBBSLi7jCiSmj3VRh2+Goq2N7Xxu0=
github.com/pelletier/go-toml/v2 v2.0.9/go.mod h1:tJU2Z3ZkXwnxa4DPO899bsyIoywizdUvyaeZurnPPDc=
github.com/peterbourgon/ff/v4 v4.0.0-beta.1 h1:hV8qRu3V7YfiSMsBSfPfdcznAvPQd3jI5zDddSrDoUc=
github.com/peterbourgon/ff/v4 v4.0.0-beta.1/go.mod h1:onQJUKipvCyFmZ1rIYwFAh1BhPOvftb1uhvSI7krNLc=
golang.org/x/text v0.37.0 h1:Cqjiwd9eSg8e0QAkyCaQTNHFIIzWtidPahFWR83rTrc=
golang.org/x/text v0.37.0/go.mod h1:a5sjxXGs9hsn/AJVwuElvCAo9v8QYLzvavO5z2PiM38=
gopkg.in/yaml.v2 v2.4.0 h1:D8xgwECY7CYvx+Y2n4sBz93Jn9JRvxdiyyo8CTfuKaY=
gopkg.in/yaml.v2 v2.4.0/go.mod h1:RDklbk79AGWmwhnvt/jBztapEOGDOx6ZbXqjP6csGnQ=
